
Microsoft Visual Studio Solution File, Format Version 11.00
# Visual Studio 2010
Project("{1863889A-00DF-4350-BA39-669CA949CB81}") = "ut_mol", "ut_mol.phpproj", "{C6F160AE-D449-45FC-A3D7-3E6B97332807}"
EndProject
Global
	GlobalSection(SolutionConfigurationPlatforms) = preSolution
		Local|PHP 5.3 = Local|PHP 5.3
		Production|PHP 5.3 = Production|PHP 5.3
		Staging|PHP 5.3 = Staging|PHP 5.3
	EndGlobalSection
	GlobalSection(ProjectConfigurationPlatforms) = postSolution
		{C6F160AE-D449-45FC-A3D7-3E6B97332807}.Local|PHP 5.3.ActiveCfg = Local|PHP 5.3
		{C6F160AE-D449-45FC-A3D7-3E6B97332807}.Local|PHP 5.3.Deploy.0 = Local|PHP 5.3
		{C6F160AE-D449-45FC-A3D7-3E6B97332807}.Production|PHP 5.3.ActiveCfg = Production|PHP 5.3
		{C6F160AE-D449-45FC-A3D7-3E6B97332807}.Production|PHP 5.3.Deploy.0 = Production|PHP 5.3
		{C6F160AE-D449-45FC-A3D7-3E6B97332807}.Staging|PHP 5.3.ActiveCfg = Staging|PHP 5.3
		{C6F160AE-D449-45FC-A3D7-3E6B97332807}.Staging|PHP 5.3.Deploy.0 = Staging|PHP 5.3
	EndGlobalSection
	GlobalSection(SolutionProperties) = preSolution
		HideSolutionNode = FALSE
	EndGlobalSection
EndGlobal
